
Microsoft Visual Studio Solution File, Format Version 12.00
# Visual Studio 15
VisualStudioVersion = 15.0.27130.2036
MinimumVisualStudioVersion = 10.0.40219.1
Project("{9A19103F-16F7-4668-BE54-9A1E7A4F7556}") = "dng.Syndication.Formatters", "src\dng.Syndication.Formatters.csproj", "{0D78C915-8040-4312-B523-54373C70B034}"
EndProject
Project("{9A19103F-16F7-4668-BE54-9A1E7A4F7556}") = "dng.Syndication", "..\dng.Syndication\src\dng.Syndication.csproj", "{600977AC-ED8C-4470-8FFA-3F8A441ACE48}"
EndProject
Project("{2150E333-8FDC-42A3-9474-1A3956D46DE8}") = "Samples", "Samples", "{E91462AA-1EF8-492C-8FAC-DC15246B7E71}"
EndProject
Project("{FAE04EC0-301F-11D3-BF4B-00C04F79EFBC}") = "CoreWebAppSample", "samples\CoreWebAppSample\CoreWebAppSample.csproj", "{95F74DF5-47BF-4953-8C09-7A17460F1C51}"
EndProject
Project("{FAE04EC0-301F-11D3-BF4B-00C04F79EFBC}") = "WebAppSample", "samples\WebAppSample\WebAppSample.csproj", "{B0432EB3-81FD-48A5-A962-5B5331B6F2E7}"
EndProject
Global
	GlobalSection(SolutionConfigurationPlatforms) = preSolution
		Debug|Any CPU = Debug|Any CPU
		Release|Any CPU = Release|Any CPU
	EndGlobalSection
	GlobalSection(ProjectConfigurationPlatforms) = postSolution
		{0D78C915-8040-4312-B523-54373C70B034}.Debug|Any CPU.ActiveCfg = Debug|Any CPU
		{0D78C915-8040-4312-B523-54373C70B034}.Debug|Any CPU.Build.0 = Debug|Any CPU
		{0D78C915-8040-4312-B523-54373C70B034}.Release|Any CPU.ActiveCfg = Release|Any CPU
		{0D78C915-8040-4312-B523-54373C70B034}.Release|Any CPU.Build.0 = Release|Any CPU
		{600977AC-ED8C-4470-8FFA-3F8A441ACE48}.Debug|Any CPU.ActiveCfg = Debug|Any CPU
		{600977AC-ED8C-4470-8FFA-3F8A441ACE48}.Debug|Any CPU.Build.0 = Debug|Any CPU
		{600977AC-ED8C-4470-8FFA-3F8A441ACE48}.Release|Any CPU.ActiveCfg = Release|Any CPU
		{600977AC-ED8C-4470-8FFA-3F8A441ACE48}.Release|Any CPU.Build.0 = Release|Any CPU
		{95F74DF5-47BF-4953-8C09-7A17460F1C51}.Debug|Any CPU.ActiveCfg = Debug|Any CPU
		{95F74DF5-47BF-4953-8C09-7A17460F1C51}.Debug|Any CPU.Build.0 = Debug|Any CPU
		{95F74DF5-47BF-4953-8C09-7A17460F1C51}.Release|Any CPU.ActiveCfg = Release|Any CPU
		{95F74DF5-47BF-4953-8C09-7A17460F1C51}.Release|Any CPU.Build.0 = Release|Any CPU
		{B0432EB3-81FD-48A5-A962-5B5331B6F2E7}.Debug|Any CPU.ActiveCfg = Debug|Any CPU
		{B0432EB3-81FD-48A5-A962-5B5331B6F2E7}.Debug|Any CPU.Build.0 = Debug|Any CPU
		{B0432EB3-81FD-48A5-A962-5B5331B6F2E7}.Release|Any CPU.ActiveCfg = Release|Any CPU
		{B0432EB3-81FD-48A5-A962-5B5331B6F2E7}.Release|Any CPU.Build.0 = Release|Any CPU
	EndGlobalSection
	GlobalSection(SolutionProperties) = preSolution
		HideSolutionNode = FALSE
	EndGlobalSection
	GlobalSection(NestedProjects) = preSolution
		{95F74DF5-47BF-4953-8C09-7A17460F1C51} = {E91462AA-1EF8-492C-8FAC-DC15246B7E71}
		{B0432EB3-81FD-48A5-A962-5B5331B6F2E7} = {E91462AA-1EF8-492C-8FAC-DC15246B7E71}
	EndGlobalSection
	GlobalSection(ExtensibilityGlobals) = postSolution
		SolutionGuid = {B6E7F869-6E27-4750-8F81-4FC8E2011D9F}
	EndGlobalSection
EndGlobal
