
Microsoft Visual Studio Solution File, Format Version 12.00
# Visual Studio 15
VisualStudioVersion = 15.0.27130.2036
MinimumVisualStudioVersion = 10.0.40219.1
Project("{FAE04EC0-301F-11D3-BF4B-00C04F79EFBC}") = "dng.Syndication.Formatters", "src\dng.Syndication.Formatters.csproj", "{0D78C915-8040-4312-B523-54373C70B034}"
EndProject
Project("{9A19103F-16F7-4668-BE54-9A1E7A4F7556}") = "dng.Syndication", "..\dng.Syndication\src\dng.Syndication.csproj", "{600977AC-ED8C-4470-8FFA-3F8A441ACE48}"
EndProject
Global
	GlobalSection(SolutionConfigurationPlatforms) = preSolution
		Debug|Any CPU = Debug|Any CPU
		Release|Any CPU = Release|Any CPU
	EndGlobalSection
	GlobalSection(ProjectConfigurationPlatforms) = postSolution
		{0D78C915-8040-4312-B523-54373C70B034}.Debug|Any CPU.ActiveCfg = Debug|Any CPU
		{0D78C915-8040-4312-B523-54373C70B034}.Debug|Any CPU.Build.0 = Debug|Any CPU
		{0D78C915-8040-4312-B523-54373C70B034}.Release|Any CPU.ActiveCfg = Release|Any CPU
		{0D78C915-8040-4312-B523-54373C70B034}.Release|Any CPU.Build.0 = Release|Any CPU
		{600977AC-ED8C-4470-8FFA-3F8A441ACE48}.Debug|Any CPU.ActiveCfg = Debug|Any CPU
		{600977AC-ED8C-4470-8FFA-3F8A441ACE48}.Debug|Any CPU.Build.0 = Debug|Any CPU
		{600977AC-ED8C-4470-8FFA-3F8A441ACE48}.Release|Any CPU.ActiveCfg = Release|Any CPU
		{600977AC-ED8C-4470-8FFA-3F8A441ACE48}.Release|Any CPU.Build.0 = Release|Any CPU
	EndGlobalSection
	GlobalSection(SolutionProperties) = preSolution
		HideSolutionNode = FALSE
	EndGlobalSection
	GlobalSection(ExtensibilityGlobals) = postSolution
		SolutionGuid = {B6E7F869-6E27-4750-8F81-4FC8E2011D9F}
	EndGlobalSection
EndGlobal
